{
  "lockfile_version": "1",
  "packages": {
    "awscli2@latest": {
      "last_modified": "2026-04-23T13:07:47Z",
      "resolved": "github:NixOS/nixpkgs/01fbdeef22b76df85ea168fbfe1bfd9e63681b30#awscli2",
      "source": "devbox-search",
      "version": "2.34.24",
      "systems": {
        "aarch64-darwin": {
          "outputs": [
            {
              "name": "out",
              "path": "/nix/store/6rjb80bzlnq2aiyn7y44bxf98ms8jiv8-awscli2-2.34.24",
              "default": true
            },
            {
              "name": "dist",
              "path": "/nix/store/0nrql1b3pq91qydg6bbkm5igb0klczyk-awscli2-2.34.24-dist"
            }
          ],
          "store_path": "/nix/store/6rjb80bzlnq2aiyn7y44bxf98ms8jiv8-awscli2-2.34.24"
        },
        "aarch64-linux": {
          "outputs": [
            {
              "name": "out",
              "path": "/nix/store/y48ygqd28j468i7abfh9v5yy1rvj6qc2-awscli2-2.34.24",
              "default": true
            },
            {
              "name": "dist",
              "path": "/nix/store/d979xiddsvgbwnlsmpy557dv1bix365z-awscli2-2.34.24-dist"
            }
          ],
          "store_path": "/nix/store/y48ygqd28j468i7abfh9v5yy1rvj6qc2-awscli2-2.34.24"
        },
        "x86_64-darwin": {
          "outputs": [
            {
              "name": "out",
              "path": "/nix/store/8jfgy4rp00vdvbr344w6bcp9s7hl6kkx-awscli2-2.34.24",
              "default": true
            },
            {
              "name": "dist",
              "path": "/nix/store/3qvvimmyvmcxrjncxyk1ihp3f5wi9pdn-awscli2-2.34.24-dist"
            }
          ],
          "store_path": "/nix/store/8jfgy4rp00vdvbr344w6bcp9s7hl6kkx-awscli2-2.34.24"
        },
        "x86_64-linux": {
          "outputs": [
            {
              "name": "out",
              "path": "/nix/store/yfcx11pxh5ax692vvhpxmqc12dpq56f5-awscli2-2.34.24",
              "default": true
            },
            {
              "name": "dist",
              "path": "/nix/store/97src0rsmbl5wfp9jnb4bdrjbcic6dbp-awscli2-2.34.24-dist"
            }
          ],
          "store_path": "/nix/store/yfcx11pxh5ax692vvhpxmqc12dpq56f5-awscli2-2.34.24"
        }
      }
    },
    "gawk@latest": {
      "last_modified": "2026-04-23T13:07:47Z",
      "resolved": "github:NixOS/nixpkgs/01fbdeef22b76df85ea168fbfe1bfd9e63681b30#gawk",
      "source": "devbox-search",
      "version": "5.4.0",
      "systems": {
        "aarch64-darwin": {
          "outputs": [
            {
              "name": "out",
              "path": "/nix/store/2yp79k76hcqpwprz6lmxdyd63hpzbkch-gawk-5.4.0",
              "default": true
            },
            {
              "name": "man",
              "path": "/nix/store/xz53x9dc6y86i95and05b1nmbajgk1wc-gawk-5.4.0-man",
              "default": true
            },
            {
              "name": "info",
              "path": "/nix/store/4mf1zqqv0fpdmvv7cr3mjn0ksqrngyb0-gawk-5.4.0-info"
            }
          ],
          "store_path": "/nix/store/2yp79k76hcqpwprz6lmxdyd63hpzbkch-gawk-5.4.0"
        },
        "aarch64-linux": {
          "outputs": [
            {
              "name": "out",
              "path": "/nix/store/28gh3qmd0c8bh2dnsrb33yhmfdcp6r4f-gawk-5.4.0",
              "default": true
            },
            {
              "name": "man",
              "path": "/nix/store/v23sp1fhxhp0iv5dnc23ix9q64v1c686-gawk-5.4.0-man",
              "default": true
            },
            {
              "name": "info",
              "path": "/nix/store/lcy8c9phrcdd3n0w9wdzvqln1r642qqx-gawk-5.4.0-info"
            }
          ],
          "store_path": "/nix/store/28gh3qmd0c8bh2dnsrb33yhmfdcp6r4f-gawk-5.4.0"
        },
        "x86_64-darwin": {
          "outputs": [
            {
              "name": "out",
              "path": "/nix/store/qyg1250nq4g17nrj7x6r7w4hqcccm4v6-gawk-5.4.0",
              "default": true
            },
            {
              "name": "man",
              "path": "/nix/store/94ad3w0fbs5yfkl9gyb9haha3ypsaxc7-gawk-5.4.0-man",
              "default": true
            },
            {
              "name": "info",
              "path": "/nix/store/7kz7gyxrxbrg292512ls4p3wlphy4d51-gawk-5.4.0-info"
            }
          ],
          "store_path": "/nix/store/qyg1250nq4g17nrj7x6r7w4hqcccm4v6-gawk-5.4.0"
        },
        "x86_64-linux": {
          "outputs": [
            {
              "name": "out",
              "path": "/nix/store/lakv43kv98sl6h0ba6wnyg513mcq61vl-gawk-5.4.0",
              "default": true
            },
            {
              "name": "man",
              "path": "/nix/store/468b2h9fa3wdlf89175w1h8vhqm3ry64-gawk-5.4.0-man",
              "default": true
            },
            {
              "name": "info",
              "path": "/nix/store/2nwnpzy2sfj9a7bl7501r3hz48nhiszz-gawk-5.4.0-info"
            }
          ],
          "store_path": "/nix/store/lakv43kv98sl6h0ba6wnyg513mcq61vl-gawk-5.4.0"
        }
      }
    },
    "gettext@latest": {
      "last_modified": "2026-04-23T13:07:47Z",
      "resolved": "github:NixOS/nixpkgs/01fbdeef22b76df85ea168fbfe1bfd9e63681b30#gettext",
      "source": "devbox-search",
      "version": "1.0",
      "systems": {
        "aarch64-darwin": {
          "outputs": [
            {
              "name": "out",
              "path": "/nix/store/y232hw0pamh3zsmjf8ilfyq2ichnzv6q-gettext-1.0",
              "default": true
            },
            {
              "name": "man",
              "path": "/nix/store/isml6sxszzs1bjnbkfvz7rxs5cd89bd8-gettext-1.0-man",
              "default": true
            },
            {
              "name": "doc",
              "path": "/nix/store/n7b7qrd7w01pz5ij4xmn2wl7sn9assm5-gettext-1.0-doc"
            },
            {
              "name": "info",
              "path": "/nix/store/f4mjn6lirf4dilwvi0l5q5yc00ph9ac1-gettext-1.0-info"
            }
          ],
          "store_path": "/nix/store/y232hw0pamh3zsmjf8ilfyq2ichnzv6q-gettext-1.0"
        },
        "aarch64-linux": {
          "outputs": [
            {
              "name": "out",
              "path": "/nix/store/fqr95fg4510ppr9dh4kw5x34bd5pk0b1-gettext-1.0",
              "default": true
            },
            {
              "name": "man",
              "path": "/nix/store/0dsnwbiljzj235s38x337lqrlmgz1amn-gettext-1.0-man",
              "default": true
            },
            {
              "name": "doc",
              "path": "/nix/store/x2p54c316yfcypqfwzprp9g0kjmyid7v-gettext-1.0-doc"
            },
            {
              "name": "info",
              "path": "/nix/store/1wlkkscavw4snfnjn2gmy47ni06ym9j5-gettext-1.0-info"
            }
          ],
          "store_path": "/nix/store/fqr95fg4510ppr9dh4kw5x34bd5pk0b1-gettext-1.0"
        },
        "x86_64-darwin": {
          "outputs": [
            {
              "name": "out",
              "path": "/nix/store/rjf0gca3y6yns8jq9pl3x4g7fwhia8j3-gettext-1.0",
              "default": true
            },
            {
              "name": "man",
              "path": "/nix/store/jn5g5i3dbqsyzl6rsfabinw7di0z5viv-gettext-1.0-man",
              "default": true
            },
            {
              "name": "doc",
              "path": "/nix/store/a3a8bh7mpxanycqyh620l2spm1l0rb22-gettext-1.0-doc"
            },
            {
              "name": "info",
              "path": "/nix/store/4i3fapf6ss685lijv102rcn879qkg9p6-gettext-1.0-info"
            }
          ],
          "store_path": "/nix/store/rjf0gca3y6yns8jq9pl3x4g7fwhia8j3-gettext-1.0"
        },
        "x86_64-linux": {
          "outputs": [
            {
              "name": "out",
              "path": "/nix/store/ypj27q94ay0ybq9aa14gk0cxjv9d7z4m-gettext-1.0",
              "default": true
            },
            {
              "name": "man",
              "path": "/nix/store/0rwvap3j8i20yb7mvdqx847vvl07dhvg-gettext-1.0-man",
              "default": true
            },
            {
              "name": "doc",
              "path": "/nix/store/78n5wgc7fdkvx9jl1dl00dmp0zgj1r4m-gettext-1.0-doc"
            },
            {
              "name": "info",
              "path": "/nix/store/2pvi6x8qxdq4951n4h4jxhw8sb5f7i3c-gettext-1.0-info"
            }
          ],
          "store_path": "/nix/store/ypj27q94ay0ybq9aa14gk0cxjv9d7z4m-gettext-1.0"
        }
      }
    },
    "github:NixOS/nixpkgs/nixpkgs-unstable": {
      "last_modified": "2026-05-14T21:33:07Z",
      "resolved": "github:NixOS/nixpkgs/8a1b0127302ea51e05bf4ea5a291743fac442406?lastModified=1778794387&narHash=sha256-BL04pOS9453Awkeb9f90XBJXBSkWxN%2BvB7HIgnL0iMM%3D"
    },
    "glibcLocales@latest": {
      "last_modified": "2026-04-23T13:07:47Z",
      "resolved": "github:NixOS/nixpkgs/01fbdeef22b76df85ea168fbfe1bfd9e63681b30#glibcLocales",
      "source": "devbox-search",
      "version": "2.42-61",
      "systems": {
        "aarch64-linux": {
          "outputs": [
            {
              "name": "out",
              "path": "/nix/store/zds441j554l2dfpda4q42jk9jd5zzmsb-glibc-locales-2.42-61",
              "default": true
            }
          ],
          "store_path": "/nix/store/zds441j554l2dfpda4q42jk9jd5zzmsb-glibc-locales-2.42-61"
        },
        "x86_64-linux": {
          "outputs": [
            {
              "name": "out",
              "path": "/nix/store/lh5ljhh7xn7p3yy8blh0kjk14kni0zb7-glibc-locales-2.42-61",
              "default": true
            }
          ],
          "store_path": "/nix/store/lh5ljhh7xn7p3yy8blh0kjk14kni0zb7-glibc-locales-2.42-61"
        }
      }
    },
    "mkcert@latest": {
      "last_modified": "2026-04-23T13:07:47Z",
      "resolved": "github:NixOS/nixpkgs/01fbdeef22b76df85ea168fbfe1bfd9e63681b30#mkcert",
      "source": "devbox-search",
      "version": "1.4.4",
      "systems": {
        "aarch64-darwin": {
          "outputs": [
            {
              "name": "out",
              "path": "/nix/store/1idk9p9fys2ykr382pg2i6m5pvm4q2la-mkcert-1.4.4",
              "default": true
            }
          ],
          "store_path": "/nix/store/1idk9p9fys2ykr382pg2i6m5pvm4q2la-mkcert-1.4.4"
        },
        "aarch64-linux": {
          "outputs": [
            {
              "name": "out",
              "path": "/nix/store/n4ppyd1hrlfbpxxg80xjy21yf56fvnpd-mkcert-1.4.4",
              "default": true
            }
          ],
          "store_path": "/nix/store/n4ppyd1hrlfbpxxg80xjy21yf56fvnpd-mkcert-1.4.4"
        },
        "x86_64-darwin": {
          "outputs": [
            {
              "name": "out",
              "path": "/nix/store/fh51cm56pjazb7wcw5h0wmw55pmjv7rm-mkcert-1.4.4",
              "default": true
            }
          ],
          "store_path": "/nix/store/fh51cm56pjazb7wcw5h0wmw55pmjv7rm-mkcert-1.4.4"
        },
        "x86_64-linux": {
          "outputs": [
            {
              "name": "out",
              "path": "/nix/store/5k4s4svxqypdi4x4hzkfb5p4h03am5wm-mkcert-1.4.4",
              "default": true
            }
          ],
          "store_path": "/nix/store/5k4s4svxqypdi4x4hzkfb5p4h03am5wm-mkcert-1.4.4"
        }
      }
    },
    "nginx@latest": {
      "last_modified": "2026-04-27T06:11:55Z",
      "plugin_version": "0.0.4",
      "resolved": "github:NixOS/nixpkgs/6368eda62c9775c38ef7f714b2555a741c20c72d#nginx",
      "source": "devbox-search",
      "version": "1.30.0",
      "systems": {
        "aarch64-darwin": {
          "outputs": [
            {
              "name": "out",
              "path": "/nix/store/v0izyzr6zhr58nsznz7wp6sxskxyaiik-nginx-1.30.0",
              "default": true
            },
            {
              "name": "doc",
              "path": "/nix/store/byh2q8l90fxpf3lksy7s4v9r5fiqwk9g-nginx-1.30.0-doc"
            }
          ],
          "store_path": "/nix/store/v0izyzr6zhr58nsznz7wp6sxskxyaiik-nginx-1.30.0"
        },
        "aarch64-linux": {
          "outputs": [
            {
              "name": "out",
              "path": "/nix/store/5l240p3krv60lyw8mc60b1mzy8a6avm3-nginx-1.30.0",
              "default": true
            },
            {
              "name": "doc",
              "path": "/nix/store/v47n18sqxmvfnb89gznyniyc4jx5pwai-nginx-1.30.0-doc"
            }
          ],
          "store_path": "/nix/store/5l240p3krv60lyw8mc60b1mzy8a6avm3-nginx-1.30.0"
        },
        "x86_64-darwin": {
          "outputs": [
            {
              "name": "out",
              "path": "/nix/store/h2alrw5vqfmwbw5shpsyg59is7ffg573-nginx-1.30.0",
              "default": true
            },
            {
              "name": "doc",
              "path": "/nix/store/hmif6bkzpzs3zwiw1kc1k8vz8s4r41cq-nginx-1.30.0-doc"
            }
          ],
          "store_path": "/nix/store/h2alrw5vqfmwbw5shpsyg59is7ffg573-nginx-1.30.0"
        },
        "x86_64-linux": {
          "outputs": [
            {
              "name": "out",
              "path": "/nix/store/agas6mvy1q4rmqr7974dg84ab8r03b5f-nginx-1.30.0",
              "default": true
            },
            {
              "name": "doc",
              "path": "/nix/store/fak0rcqi88lahx78w87nmwa9jv4hpzbw-nginx-1.30.0-doc"
            }
          ],
          "store_path": "/nix/store/agas6mvy1q4rmqr7974dg84ab8r03b5f-nginx-1.30.0"
        }
      }
    },
    "nodejs@24": {
      "last_modified": "2025-12-27T12:56:01Z",
      "plugin_version": "0.0.2",
      "resolved": "github:NixOS/nixpkgs/3edc4a30ed3903fdf6f90c837f961fa6b49582d1#nodejs_24",
      "source": "devbox-search",
      "version": "24.12.0",
      "systems": {
        "aarch64-darwin": {
          "outputs": [
            {
              "name": "out",
              "path": "/nix/store/b1h0af3yb3z9jz048phclcqw6ihiww67-nodejs-24.12.0",
              "default": true
            },
            {
              "name": "dev",
              "path": "/nix/store/ksn4nj0nbp0ikmh4scy9x4biqqdswwhy-nodejs-24.12.0-dev"
            },
            {
              "name": "libv8",
              "path": "/nix/store/3x72bm7l30ib7l7cximrp0sklcq8jqwy-nodejs-24.12.0-libv8"
            }
          ],
          "store_path": "/nix/store/b1h0af3yb3z9jz048phclcqw6ihiww67-nodejs-24.12.0"
        },
        "aarch64-linux": {
          "outputs": [
            {
              "name": "out",
              "path": "/nix/store/9jfsyhcr9c6rpm94lrkibv75jkggvwss-nodejs-24.12.0",
              "default": true
            },
            {
              "name": "dev",
              "path": "/nix/store/7izhv9x1yvsmyrhmmyps6bxjjclajm80-nodejs-24.12.0-dev"
            },
            {
              "name": "libv8",
              "path": "/nix/store/8hl74pnc1qyz68rg10ixw7fz32hcxqkk-nodejs-24.12.0-libv8"
            }
          ],
          "store_path": "/nix/store/9jfsyhcr9c6rpm94lrkibv75jkggvwss-nodejs-24.12.0"
        },
        "x86_64-darwin": {
          "outputs": [
            {
              "name": "out",
              "path": "/nix/store/cj1243xswxvnwgifyiyg8axhn0r2vl48-nodejs-24.12.0",
              "default": true
            },
            {
              "name": "dev",
              "path": "/nix/store/kzia3rkaf9vwpn3py23q9v49jpjm6zx7-nodejs-24.12.0-dev"
            },
            {
              "name": "libv8",
              "path": "/nix/store/xszji81xj7ghjhz7jk0jkhb84nfwyd8f-nodejs-24.12.0-libv8"
            }
          ],
          "store_path": "/nix/store/cj1243xswxvnwgifyiyg8axhn0r2vl48-nodejs-24.12.0"
        },
        "x86_64-linux": {
          "outputs": [
            {
              "name": "out",
              "path": "/nix/store/9z1v3wyrxp6fpyzw21lcakd5w7aknzyc-nodejs-24.12.0",
              "default": true
            },
            {
              "name": "libv8",
              "path": "/nix/store/5yvx909wlis13qd2y1ahwl7ij21ma69a-nodejs-24.12.0-libv8"
            },
            {
              "name": "dev",
              "path": "/nix/store/7ll99p08gmpg0n048669p80zjibl5akr-nodejs-24.12.0-dev"
            }
          ],
          "store_path": "/nix/store/9z1v3wyrxp6fpyzw21lcakd5w7aknzyc-nodejs-24.12.0"
        }
      }
    },
    "postgresql_18@18": {
      "last_modified": "2026-05-07T03:23:16Z",
      "plugin_version": "0.0.2",
      "resolved": "github:NixOS/nixpkgs/68a8af93ff4297686cb68880845e61e5e2e41d92#postgresql_18",
      "source": "devbox-search",
      "version": "18.3",
      "systems": {
        "aarch64-darwin": {
          "outputs": [
            {
              "name": "out",
              "path": "/nix/store/qf4icgvggdm1mf9js619akwqp8ppbmb1-postgresql-18.3",
              "default": true
            },
            {
              "name": "man",
              "path": "/nix/store/c3fgz3l7pfdszrbs5vmd4i36pzc8n2mm-postgresql-18.3-man",
              "default": true
            },
            {
              "name": "jit",
              "path": "/nix/store/79jdilapwp3jf0xwr0abw3dgkjpr5z1g-postgresql-18.3-jit"
            },
            {
              "name": "lib",
              "path": "/nix/store/fw9qqiznz02scd85sr19gf93iwx31xbw-postgresql-18.3-lib"
            },
            {
              "name": "plperl",
              "path": "/nix/store/q66gmsd76a5z79dx57rr89macp26zkg8-postgresql-18.3-plperl"
            },
            {
              "name": "plpython3",
              "path": "/nix/store/iq0hl26d8jpapgfni9gk4757n5sp7hvw-postgresql-18.3-plpython3"
            },
            {
              "name": "dev",
              "path": "/nix/store/i3f5qvnl8im4zv4771r8q8nhz9cy8pbl-postgresql-18.3-dev"
            },
            {
              "name": "doc",
              "path": "/nix/store/1hhlmvccsqj6gcvvyh5by7sf83p8rgxv-postgresql-18.3-doc"
            },
            {
              "name": "pltcl",
              "path": "/nix/store/zcckn5hwx282h1xc7dncf4vmgmf114mz-postgresql-18.3-pltcl"
            }
          ],
          "store_path": "/nix/store/qf4icgvggdm1mf9js619akwqp8ppbmb1-postgresql-18.3"
        },
        "aarch64-linux": {
          "outputs": [
            {
              "name": "out",
              "path": "/nix/store/vqdnhn23l8cpvrc30fbbpfdk30jzbd11-postgresql-18.3",
              "default": true
            },
            {
              "name": "man",
              "path": "/nix/store/56njaqq6gjpkajqdn7ay1wx74vsapvfs-postgresql-18.3-man",
              "default": true
            },
            {
              "name": "doc",
              "path": "/nix/store/p6f79nfpc8sihkkli6msm3w108clkfa3-postgresql-18.3-doc"
            },
            {
              "name": "jit",
              "path": "/nix/store/5yyl1lfmis3gs6ydfw8kr6hh1if38axz-postgresql-18.3-jit"
            },
            {
              "name": "pltcl",
              "path": "/nix/store/l22g4yg6j39i905cmlw529gh8jkqn7s8-postgresql-18.3-pltcl"
            },
            {
              "name": "lib",
              "path": "/nix/store/0nyqb2q98h9mxv1pkxsk1k45bcpdsckj-postgresql-18.3-lib"
            },
            {
              "name": "plperl",
              "path": "/nix/store/dhjvqb9jia2jm3i74hw43nq9ar4fng5v-postgresql-18.3-plperl"
            },
            {
              "name": "plpython3",
              "path": "/nix/store/4j5prm9i0va06yr17afzdqffxqj7kgk3-postgresql-18.3-plpython3"
            },
            {
              "name": "debug",
              "path": "/nix/store/sygawj6a209cr7krr8fz8i4czdkx5mgl-postgresql-18.3-debug"
            },
            {
              "name": "dev",
              "path": "/nix/store/13hsffqjdv8dhzq06n6afdp2yyc2di16-postgresql-18.3-dev"
            }
          ],
          "store_path": "/nix/store/vqdnhn23l8cpvrc30fbbpfdk30jzbd11-postgresql-18.3"
        },
        "x86_64-darwin": {
          "outputs": [
            {
              "name": "out",
              "path": "/nix/store/gpx4nr3y2ms832qp9kdclad19p2w48bl-postgresql-18.3",
              "default": true
            },
            {
              "name": "man",
              "path": "/nix/store/wjkf1gsfympcvsxhihxr6f91xm0k6kk9-postgresql-18.3-man",
              "default": true
            },
            {
              "name": "dev",
              "path": "/nix/store/jnxfg240wbbapl8dvd2931nnyb4zrr1x-postgresql-18.3-dev"
            },
            {
              "name": "plpython3",
              "path": "/nix/store/jypxhvhy1y7x4p2bj3izvxvpwya30xa9-postgresql-18.3-plpython3"
            },
            {
              "name": "pltcl",
              "path": "/nix/store/719kxwr4wb3nnpsvd214b59fzb2bv96v-postgresql-18.3-pltcl"
            },
            {
              "name": "doc",
              "path": "/nix/store/d16a2b2qf76ynbscci6rqqkhwvdb63kk-postgresql-18.3-doc"
            },
            {
              "name": "jit",
              "path": "/nix/store/2621d49kk1p8klbvbjnfz2jg63azz6zh-postgresql-18.3-jit"
            },
            {
              "name": "lib",
              "path": "/nix/store/b9h7m1j51xx0lk09jra88q2r91ld2zly-postgresql-18.3-lib"
            },
            {
              "name": "plperl",
              "path": "/nix/store/1d244vsvx5wpkc5xgwv0wwwbzsb8gzqx-postgresql-18.3-plperl"
            }
          ],
          "store_path": "/nix/store/gpx4nr3y2ms832qp9kdclad19p2w48bl-postgresql-18.3"
        },
        "x86_64-linux": {
          "outputs": [
            {
              "name": "out",
              "path": "/nix/store/833dwx7lgfdfyzkmavd5rpd2sl4dngbh-postgresql-18.3",
              "default": true
            },
            {
              "name": "man",
              "path": "/nix/store/j803in65cl13i14mpp74g7ibnr9wjv8h-postgresql-18.3-man",
              "default": true
            },
            {
              "name": "plpython3",
              "path": "/nix/store/ycbr8frbf909ldr6aq9jgi011sxx7qqw-postgresql-18.3-plpython3"
            },
            {
              "name": "debug",
              "path": "/nix/store/mbmqzzl4rmslzch9d01flsni8j9mabvs-postgresql-18.3-debug"
            },
            {
              "name": "doc",
              "path": "/nix/store/ffca0lall91zhaj2p6cgrpdy69y8ijhl-postgresql-18.3-doc"
            },
            {
              "name": "jit",
              "path": "/nix/store/wkb8sv0z0zbncxbmyyn92gi5m0d96ky0-postgresql-18.3-jit"
            },
            {
              "name": "lib",
              "path": "/nix/store/6j64p3xdmg4jbcwa2cpgd805ghi28k3i-postgresql-18.3-lib"
            },
            {
              "name": "plperl",
              "path": "/nix/store/w1hfqkdkx0xhlmnyjq0b8hqicny1qxj3-postgresql-18.3-plperl"
            },
            {
              "name": "pltcl",
              "path": "/nix/store/sqx19dsnw3cg24q4zi1m0afb36x3pvnr-postgresql-18.3-pltcl"
            },
            {
              "name": "dev",
              "path": "/nix/store/8ajyf17ywhx7f5xmg5xkswxm1ihyxinr-postgresql-18.3-dev"
            }
          ],
          "store_path": "/nix/store/833dwx7lgfdfyzkmavd5rpd2sl4dngbh-postgresql-18.3"
        }
      }
    },
    "valkey@8": {
      "last_modified": "2025-11-23T21:50:36Z",
      "plugin_version": "0.0.1",
      "resolved": "github:NixOS/nixpkgs/ee09932cedcef15aaf476f9343d1dea2cb77e261#valkey",
      "source": "devbox-search",
      "version": "8.1.4",
      "systems": {
        "aarch64-darwin": {
          "outputs": [
            {
              "name": "out",
              "path": "/nix/store/4jdwj4pqngir6qr10k3mk5vg1sfm0nn3-valkey-8.1.4",
              "default": true
            }
          ],
          "store_path": "/nix/store/4jdwj4pqngir6qr10k3mk5vg1sfm0nn3-valkey-8.1.4"
        },
        "aarch64-linux": {
          "outputs": [
            {
              "name": "out",
              "path": "/nix/store/0lhg5c0jablb549xkvvw5g4npnk9xm2n-valkey-8.1.4",
              "default": true
            }
          ],
          "store_path": "/nix/store/0lhg5c0jablb549xkvvw5g4npnk9xm2n-valkey-8.1.4"
        },
        "x86_64-darwin": {
          "outputs": [
            {
              "name": "out",
              "path": "/nix/store/937qjk9skq6hs168s6rljb48mk9md89v-valkey-8.1.4",
              "default": true
            }
          ],
          "store_path": "/nix/store/937qjk9skq6hs168s6rljb48mk9md89v-valkey-8.1.4"
        },
        "x86_64-linux": {
          "outputs": [
            {
              "name": "out",
              "path": "/nix/store/03lpmhkkqzwka1fdvg2z5fi6vy63i80z-valkey-8.1.4",
              "default": true
            }
          ],
          "store_path": "/nix/store/03lpmhkkqzwka1fdvg2z5fi6vy63i80z-valkey-8.1.4"
        }
      }
    }
  }
}
